
Microsoft Visual Studio Solution File, Format Version 12.00
# Visual Studio Version 16
VisualStudioVersion = 16.0.32630.194
MinimumVisualStudioVersion = 10.0.40219.1
Project("{FAE04EC0-301F-11D3-BF4B-00C04F79EFBC}") = "Toplama", "Toplama\Toplama.csproj", "{15E584F6-A1C2-4D4B-AAEE-8E7B0A9D902F}"
EndProject
Project("{FAE04EC0-301F-11D3-BF4B-00C04F79EFBC}") = "Dikdortgen", "Dikdortgen\Dikdortgen.csproj", "{C260F1A4-C2E1-4A55-909E-E2ABC5E9AD2D}"
EndProject
Project("{FAE04EC0-301F-11D3-BF4B-00C04F79EFBC}") = "Notlar", "Notlar\Notlar.csproj", "{A1DE413D-02CB-4096-B169-835D19067C63}"
EndProject
Project("{FAE04EC0-301F-11D3-BF4B-00C04F79EFBC}") = "TurDonusumu", "TurDonusumu\TurDonusumu.csproj", "{1B674776-CB64-41C8-957F-6FE18074C4B3}"
EndProject
Project("{FAE04EC0-301F-11D3-BF4B-00C04F79EFBC}") = "Operatorler", "Operatorler\Operatorler.csproj", "{595EEB5C-00D3-4BAD-9E97-9A61C57E9AEF}"
EndProject
Global
	GlobalSection(SolutionConfigurationPlatforms) = preSolution
		Debug|Any CPU = Debug|Any CPU
		Release|Any CPU = Release|Any CPU
	EndGlobalSection
	GlobalSection(ProjectConfigurationPlatforms) = postSolution
		{15E584F6-A1C2-4D4B-AAEE-8E7B0A9D902F}.Debug|Any CPU.ActiveCfg = Debug|Any CPU
		{15E584F6-A1C2-4D4B-AAEE-8E7B0A9D902F}.Debug|Any CPU.Build.0 = Debug|Any CPU
		{15E584F6-A1C2-4D4B-AAEE-8E7B0A9D902F}.Release|Any CPU.ActiveCfg = Release|Any CPU
		{15E584F6-A1C2-4D4B-AAEE-8E7B0A9D902F}.Release|Any CPU.Build.0 = Release|Any CPU
		{C260F1A4-C2E1-4A55-909E-E2ABC5E9AD2D}.Debug|Any CPU.ActiveCfg = Debug|Any CPU
		{C260F1A4-C2E1-4A55-909E-E2ABC5E9AD2D}.Debug|Any CPU.Build.0 = Debug|Any CPU
		{C260F1A4-C2E1-4A55-909E-E2ABC5E9AD2D}.Release|Any CPU.ActiveCfg = Release|Any CPU
		{C260F1A4-C2E1-4A55-909E-E2ABC5E9AD2D}.Release|Any CPU.Build.0 = Release|Any CPU
		{A1DE413D-02CB-4096-B169-835D19067C63}.Debug|Any CPU.ActiveCfg = Debug|Any CPU
		{A1DE413D-02CB-4096-B169-835D19067C63}.Debug|Any CPU.Build.0 = Debug|Any CPU
		{A1DE413D-02CB-4096-B169-835D19067C63}.Release|Any CPU.ActiveCfg = Release|Any CPU
		{A1DE413D-02CB-4096-B169-835D19067C63}.Release|Any CPU.Build.0 = Release|Any CPU
		{1B674776-CB64-41C8-957F-6FE18074C4B3}.Debug|Any CPU.ActiveCfg = Debug|Any CPU
		{1B674776-CB64-41C8-957F-6FE18074C4B3}.Debug|Any CPU.Build.0 = Debug|Any CPU
		{1B674776-CB64-41C8-957F-6FE18074C4B3}.Release|Any CPU.ActiveCfg = Release|Any CPU
		{1B674776-CB64-41C8-957F-6FE18074C4B3}.Release|Any CPU.Build.0 = Release|Any CPU
		{595EEB5C-00D3-4BAD-9E97-9A61C57E9AEF}.Debug|Any CPU.ActiveCfg = Debug|Any CPU
		{595EEB5C-00D3-4BAD-9E97-9A61C57E9AEF}.Debug|Any CPU.Build.0 = Debug|Any CPU
		{595EEB5C-00D3-4BAD-9E97-9A61C57E9AEF}.Release|Any CPU.ActiveCfg = Release|Any CPU
		{595EEB5C-00D3-4BAD-9E97-9A61C57E9AEF}.Release|Any CPU.Build.0 = Release|Any CPU
	EndGlobalSection
	GlobalSection(SolutionProperties) = preSolution
		HideSolutionNode = FALSE
	EndGlobalSection
	GlobalSection(ExtensibilityGlobals) = postSolution
		SolutionGuid = {59BE2FCD-8AC7-4941-BA7D-8F267BF70339}
	EndGlobalSection
EndGlobal
